// !$*UTF8*$!
{
	archiveVersion = 1;
	classes = {
	};
	objectVersion = 46;
	objects = {

/* Begin PBXBuildFile section */
		6CA296181361F69500EF6471 /* Foundation.framework in Frameworks */ = {isa = PBXBuildFile; fileRef = 6CA296171361F69500EF6471 /* Foundation.framework */; };
		6CA296781361F6E700EF6471 /* YXAbstractCell.h in Headers */ = {isa = PBXBuildFile; fileRef = 6CA296531361F6E700EF6471 /* YXAbstractCell.h */; settings = {ATTRIBUTES = (Public, ); }; };
		6CA296791361F6E700EF6471 /* YXAbstractCell.m in Sources */ = {isa = PBXBuildFile; fileRef = 6CA296541361F6E700EF6471 /* YXAbstractCell.m */; };
		6CA2967A1361F6E700EF6471 /* YXButtonCell.h in Headers */ = {isa = PBXBuildFile; fileRef = 6CA296551361F6E700EF6471 /* YXButtonCell.h */; settings = {ATTRIBUTES = (Public, ); }; };
		6CA2967B1361F6E700EF6471 /* YXButtonCell.m in Sources */ = {isa = PBXBuildFile; fileRef = 6CA296561361F6E700EF6471 /* YXButtonCell.m */; };
		6CA2967C1361F6E700EF6471 /* YXCheckmarkCell.h in Headers */ = {isa = PBXBuildFile; fileRef = 6CA296571361F6E700EF6471 /* YXCheckmarkCell.h */; settings = {ATTRIBUTES = (Public, ); }; };
		6CA2967D1361F6E700EF6471 /* YXCheckmarkCell.m in Sources */ = {isa = PBXBuildFile; fileRef = 6CA296581361F6E700EF6471 /* YXCheckmarkCell.m */; };
		6CA2967E1361F6E700EF6471 /* YXCheckmarkCellGroup.h in Headers */ = {isa = PBXBuildFile; fileRef = 6CA296591361F6E700EF6471 /* YXCheckmarkCellGroup.h */; settings = {ATTRIBUTES = (Public, ); }; };
		6CA2967F1361F6E700EF6471 /* YXCheckmarkCellGroup.m in Sources */ = {isa = PBXBuildFile; fileRef = 6CA2965A1361F6E700EF6471 /* YXCheckmarkCellGroup.m */; };
		6CA296801361F6E700EF6471 /* YXCustomizableCell.h in Headers */ = {isa = PBXBuildFile; fileRef = 6CA2965B1361F6E700EF6471 /* YXCustomizableCell.h */; settings = {ATTRIBUTES = (Public, ); }; };
		6CA296811361F6E700EF6471 /* YXCustomizableCell.m in Sources */ = {isa = PBXBuildFile; fileRef = 6CA2965C1361F6E700EF6471 /* YXCustomizableCell.m */; };
		6CA296821361F6E700EF6471 /* YXDisclosureCell.h in Headers */ = {isa = PBXBuildFile; fileRef = 6CA2965D1361F6E700EF6471 /* YXDisclosureCell.h */; settings = {ATTRIBUTES = (Public, ); }; };
		6CA296831361F6E700EF6471 /* YXDisclosureCell.m in Sources */ = {isa = PBXBuildFile; fileRef = 6CA2965E1361F6E700EF6471 /* YXDisclosureCell.m */; };
		6CA296841361F6E700EF6471 /* YXEditableCell.h in Headers */ = {isa = PBXBuildFile; fileRef = 6CA2965F1361F6E700EF6471 /* YXEditableCell.h */; settings = {ATTRIBUTES = (Public, ); }; };
		6CA296851361F6E700EF6471 /* YXEditableCell.m in Sources */ = {isa = PBXBuildFile; fileRef = 6CA296601361F6E700EF6471 /* YXEditableCell.m */; };
		6CA296861361F6E700EF6471 /* YXEditableViewCell.h in Headers */ = {isa = PBXBuildFile; fileRef = 6CA296611361F6E700EF6471 /* YXEditableViewCell.h */; settings = {ATTRIBUTES = (Public, ); }; };
		6CA296871361F6E700EF6471 /* YXEditableViewCell.m in Sources */ = {isa = PBXBuildFile; fileRef = 6CA296621361F6E700EF6471 /* YXEditableViewCell.m */; };
		6CA296881361F6E700EF6471 /* YXKVCCheckmarkCell.h in Headers */ = {isa = PBXBuildFile; fileRef = 6CA296631361F6E700EF6471 /* YXKVCCheckmarkCell.h */; settings = {ATTRIBUTES = (Public, ); }; };
		6CA296891361F6E700EF6471 /* YXKVCCheckmarkCell.m in Sources */ = {isa = PBXBuildFile; fileRef = 6CA296641361F6E700EF6471 /* YXKVCCheckmarkCell.m */; };
		6CA2968A1361F6E700EF6471 /* YXKVCSwitchCell.h in Headers */ = {isa = PBXBuildFile; fileRef = 6CA296651361F6E700EF6471 /* YXKVCSwitchCell.h */; settings = {ATTRIBUTES = (Public, ); }; };
		6CA2968B1361F6E700EF6471 /* YXKVCSwitchCell.m in Sources */ = {isa = PBXBuildFile; fileRef = 6CA296661361F6E700EF6471 /* YXKVCSwitchCell.m */; };
		6CA2968C1361F6E700EF6471 /* YXKVCValueCell.h in Headers */ = {isa = PBXBuildFile; fileRef = 6CA296671361F6E700EF6471 /* YXKVCValueCell.h */; settings = {ATTRIBUTES = (Public, ); }; };
		6CA2968D1361F6E700EF6471 /* YXKVCValueCell.m in Sources */ = {isa = PBXBuildFile; fileRef = 6CA296681361F6E700EF6471 /* YXKVCValueCell.m */; };
		6CA2968E1361F6E700EF6471 /* YXModelTableView.h in Headers */ = {isa = PBXBuildFile; fileRef = 6CA296691361F6E700EF6471 /* YXModelTableView.h */; settings = {ATTRIBUTES = (Public, ); }; };
		6CA2968F1361F6E700EF6471 /* YXModelTableViewController.h in Headers */ = {isa = PBXBuildFile; fileRef = 6CA2966A1361F6E700EF6471 /* YXModelTableViewController.h */; settings = {ATTRIBUTES = (Public, ); }; };
		6CA296901361F6E700EF6471 /* YXModelTableViewController.m in Sources */ = {isa = PBXBuildFile; fileRef = 6CA2966B1361F6E700EF6471 /* YXModelTableViewController.m */; };
		6CA296911361F6E700EF6471 /* YXSection.h in Headers */ = {isa = PBXBuildFile; fileRef = 6CA2966C1361F6E700EF6471 /* YXSection.h */; settings = {ATTRIBUTES = (Public, ); }; };
		6CA296921361F6E700EF6471 /* YXSection.m in Sources */ = {isa = PBXBuildFile; fileRef = 6CA2966D1361F6E700EF6471 /* YXSection.m */; };
		6CA296931361F6E700EF6471 /* YXSegmentedControlCell.h in Headers */ = {isa = PBXBuildFile; fileRef = 6CA2966E1361F6E700EF6471 /* YXSegmentedControlCell.h */; settings = {ATTRIBUTES = (Public, ); }; };
		6CA296941361F6E700EF6471 /* YXSegmentedControlCell.m in Sources */ = {isa = PBXBuildFile; fileRef = 6CA2966F1361F6E700EF6471 /* YXSegmentedControlCell.m */; };
		6CA296951361F6E700EF6471 /* YXSegmentedControlViewCell.h in Headers */ = {isa = PBXBuildFile; fileRef = 6CA296701361F6E700EF6471 /* YXSegmentedControlViewCell.h */; settings = {ATTRIBUTES = (Public, ); }; };
		6CA296961361F6E700EF6471 /* YXSegmentedControlViewCell.m in Sources */ = {isa = PBXBuildFile; fileRef = 6CA296711361F6E700EF6471 /* YXSegmentedControlViewCell.m */; };
		6CA296971361F6E700EF6471 /* YXStaticLabelCell.h in Headers */ = {isa = PBXBuildFile; fileRef = 6CA296721361F6E700EF6471 /* YXStaticLabelCell.h */; settings = {ATTRIBUTES = (Public, ); }; };
		6CA296981361F6E700EF6471 /* YXStaticLabelCell.m in Sources */ = {isa = PBXBuildFile; fileRef = 6CA296731361F6E700EF6471 /* YXStaticLabelCell.m */; };
		6CA296991361F6E700EF6471 /* YXStaticValueCell.h in Headers */ = {isa = PBXBuildFile; fileRef = 6CA296741361F6E700EF6471 /* YXStaticValueCell.h */; settings = {ATTRIBUTES = (Public, ); }; };
		6CA2969A1361F6E700EF6471 /* YXStaticValueCell.m in Sources */ = {isa = PBXBuildFile; fileRef = 6CA296751361F6E700EF6471 /* YXStaticValueCell.m */; };
		6CA2969B1361F6E700EF6471 /* YXSwitchCell.h in Headers */ = {isa = PBXBuildFile; fileRef = 6CA296761361F6E700EF6471 /* YXSwitchCell.h */; settings = {ATTRIBUTES = (Public, ); }; };
		6CA2969C1361F6E700EF6471 /* YXSwitchCell.m in Sources */ = {isa = PBXBuildFile; fileRef = 6CA296771361F6E700EF6471 /* YXSwitchCell.m */; };
/* End PBXBuildFile section */

/* Begin PBXFileReference section */
		6CA296141361F69500EF6471 /* libYXModelTableView.a */ = {isa = PBXFileReference; explicitFileType = archive.ar; includeInIndex = 0; path = libYXModelTableView.a; sourceTree = BUILT_PRODUCTS_DIR; };
		6CA296171361F69500EF6471 /* Foundation.framework */ = {isa = PBXFileReference; lastKnownFileType = wrapper.framework; name = Foundation.framework; path = System/Library/Frameworks/Foundation.framework; sourceTree = SDKROOT; };
		6CA2961B1361F69500EF6471 /* YXModelTableView-Prefix.pch */ = {isa = PBXFileReference; lastKnownFileType = sourcecode.c.h; path = "YXModelTableView-Prefix.pch"; sourceTree = "<group>"; };
		6CA296531361F6E700EF6471 /* YXAbstractCell.h */ = {isa = PBXFileReference; fileEncoding = 4; lastKnownFileType = sourcecode.c.h; path = YXAbstractCell.h; sourceTree = "<group>"; };
		6CA296541361F6E700EF6471 /* YXAbstractCell.m */ = {isa = PBXFileReference; fileEncoding = 4; lastKnownFileType = sourcecode.c.objc; path = YXAbstractCell.m; sourceTree = "<group>"; };
		6CA296551361F6E700EF6471 /* YXButtonCell.h */ = {isa = PBXFileReference; fileEncoding = 4; lastKnownFileType = sourcecode.c.h; path = YXButtonCell.h; sourceTree = "<group>"; };
		6CA296561361F6E700EF6471 /* YXButtonCell.m */ = {isa = PBXFileReference; fileEncoding = 4; lastKnownFileType = sourcecode.c.objc; path = YXButtonCell.m; sourceTree = "<group>"; };
		6CA296571361F6E700EF6471 /* YXCheckmarkCell.h */ = {isa = PBXFileReference; fileEncoding = 4; lastKnownFileType = sourcecode.c.h; path = YXCheckmarkCell.h; sourceTree = "<group>"; };
		6CA296581361F6E700EF6471 /* YXCheckmarkCell.m */ = {isa = PBXFileReference; fileEncoding = 4; lastKnownFileType = sourcecode.c.objc; path = YXCheckmarkCell.m; sourceTree = "<group>"; };
		6CA296591361F6E700EF6471 /* YXCheckmarkCellGroup.h */ = {isa = PBXFileReference; fileEncoding = 4; lastKnownFileType = sourcecode.c.h; path = YXCheckmarkCellGroup.h; sourceTree = "<group>"; };
		6CA2965A1361F6E700EF6471 /* YXCheckmarkCellGroup.m */ = {isa = PBXFileReference; fileEncoding = 4; lastKnownFileType = sourcecode.c.objc; path = YXCheckmarkCellGroup.m; sourceTree = "<group>"; };
		6CA2965B1361F6E700EF6471 /* YXCustomizableCell.h */ = {isa = PBXFileReference; fileEncoding = 4; lastKnownFileType = sourcecode.c.h; path = YXCustomizableCell.h; sourceTree = "<group>"; };
		6CA2965C1361F6E700EF6471 /* YXCustomizableCell.m */ = {isa = PBXFileReference; fileEncoding = 4; lastKnownFileType = sourcecode.c.objc; path = YXCustomizableCell.m; sourceTree = "<group>"; };
		6CA2965D1361F6E700EF6471 /* YXDisclosureCell.h */ = {isa = PBXFileReference; fileEncoding = 4; lastKnownFileType = sourcecode.c.h; path = YXDisclosureCell.h; sourceTree = "<group>"; };
		6CA2965E1361F6E700EF6471 /* YXDisclosureCell.m */ = {isa = PBXFileReference; fileEncoding = 4; lastKnownFileType = sourcecode.c.objc; path = YXDisclosureCell.m; sourceTree = "<group>"; };
		6CA2965F1361F6E700EF6471 /* YXEditableCell.h */ = {isa = PBXFileReference; fileEncoding = 4; lastKnownFileType = sourcecode.c.h; path = YXEditableCell.h; sourceTree = "<group>"; };
		6CA296601361F6E700EF6471 /* YXEditableCell.m */ = {isa = PBXFileReference; fileEncoding = 4; lastKnownFileType = sourcecode.c.objc; path = YXEditableCell.m; sourceTree = "<group>"; };
		6CA296611361F6E700EF6471 /* YXEditableViewCell.h */ = {isa = PBXFileReference; fileEncoding = 4; lastKnownFileType = sourcecode.c.h; path = YXEditableViewCell.h; sourceTree = "<group>"; };
		6CA296621361F6E700EF6471 /* YXEditableViewCell.m */ = {isa = PBXFileReference; fileEncoding = 4; lastKnownFileType = sourcecode.c.objc; path = YXEditableViewCell.m; sourceTree = "<group>"; };
		6CA296631361F6E700EF6471 /* YXKVCCheckmarkCell.h */ = {isa = PBXFileReference; fileEncoding = 4; lastKnownFileType = sourcecode.c.h; path = YXKVCCheckmarkCell.h; sourceTree = "<group>"; };
		6CA296641361F6E700EF6471 /* YXKVCCheckmarkCell.m */ = {isa = PBXFileReference; fileEncoding = 4; lastKnownFileType = sourcecode.c.objc; path = YXKVCCheckmarkCell.m; sourceTree = "<group>"; };
		6CA296651361F6E700EF6471 /* YXKVCSwitchCell.h */ = {isa = PBXFileReference; fileEncoding = 4; lastKnownFileType = sourcecode.c.h; path = YXKVCSwitchCell.h; sourceTree = "<group>"; };
		6CA296661361F6E700EF6471 /* YXKVCSwitchCell.m */ = {isa = PBXFileReference; fileEncoding = 4; lastKnownFileType = sourcecode.c.objc; path = YXKVCSwitchCell.m; sourceTree = "<group>"; };
		6CA296671361F6E700EF6471 /* YXKVCValueCell.h */ = {isa = PBXFileReference; fileEncoding = 4; lastKnownFileType = sourcecode.c.h; path = YXKVCValueCell.h; sourceTree = "<group>"; };
		6CA296681361F6E700EF6471 /* YXKVCValueCell.m */ = {isa = PBXFileReference; fileEncoding = 4; lastKnownFileType = sourcecode.c.objc; path = YXKVCValueCell.m; sourceTree = "<group>"; };
		6CA296691361F6E700EF6471 /* YXModelTableView.h */ = {isa = PBXFileReference; fileEncoding = 4; lastKnownFileType = sourcecode.c.h; path = YXModelTableView.h; sourceTree = "<group>"; };
		6CA2966A1361F6E700EF6471 /* YXModelTableViewController.h */ = {isa = PBXFileReference; fileEncoding = 4; lastKnownFileType = sourcecode.c.h; path = YXModelTableViewController.h; sourceTree = "<group>"; };
		6CA2966B1361F6E700EF6471 /* YXModelTableViewController.m */ = {isa = PBXFileReference; fileEncoding = 4; lastKnownFileType = sourcecode.c.objc; path = YXModelTableViewController.m; sourceTree = "<group>"; };
		6CA2966C1361F6E700EF6471 /* YXSection.h */ = {isa = PBXFileReference; fileEncoding = 4; lastKnownFileType = sourcecode.c.h; path = YXSection.h; sourceTree = "<group>"; };
		6CA2966D1361F6E700EF6471 /* YXSection.m */ = {isa = PBXFileReference; fileEncoding = 4; lastKnownFileType = sourcecode.c.objc; path = YXSection.m; sourceTree = "<group>"; };
		6CA2966E1361F6E700EF6471 /* YXSegmentedControlCell.h */ = {isa = PBXFileReference; fileEncoding = 4; lastKnownFileType = sourcecode.c.h; path = YXSegmentedControlCell.h; sourceTree = "<group>"; };
		6CA2966F1361F6E700EF6471 /* YXSegmentedControlCell.m */ = {isa = PBXFileReference; fileEncoding = 4; lastKnownFileType = sourcecode.c.objc; path = YXSegmentedControlCell.m; sourceTree = "<group>"; };
		6CA296701361F6E700EF6471 /* YXSegmentedControlViewCell.h */ = {isa = PBXFileReference; fileEncoding = 4; lastKnownFileType = sourcecode.c.h; path = YXSegmentedControlViewCell.h; sourceTree = "<group>"; };
		6CA296711361F6E700EF6471 /* YXSegmentedControlViewCell.m */ = {isa = PBXFileReference; fileEncoding = 4; lastKnownFileType = sourcecode.c.objc; path = YXSegmentedControlViewCell.m; sourceTree = "<group>"; };
		6CA296721361F6E700EF6471 /* YXStaticLabelCell.h */ = {isa = PBXFileReference; fileEncoding = 4; lastKnownFileType = sourcecode.c.h; path = YXStaticLabelCell.h; sourceTree = "<group>"; };
		6CA296731361F6E700EF6471 /* YXStaticLabelCell.m */ = {isa = PBXFileReference; fileEncoding = 4; lastKnownFileType = sourcecode.c.objc; path = YXStaticLabelCell.m; sourceTree = "<group>"; };
		6CA296741361F6E700EF6471 /* YXStaticValueCell.h */ = {isa = PBXFileReference; fileEncoding = 4; lastKnownFileType = sourcecode.c.h; path = YXStaticValueCell.h; sourceTree = "<group>"; };
		6CA296751361F6E700EF6471 /* YXStaticValueCell.m */ = {isa = PBXFileReference; fileEncoding = 4; lastKnownFileType = sourcecode.c.objc; path = YXStaticValueCell.m; sourceTree = "<group>"; };
		6CA296761361F6E700EF6471 /* YXSwitchCell.h */ = {isa = PBXFileReference; fileEncoding = 4; lastKnownFileType = sourcecode.c.h; path = YXSwitchCell.h; sourceTree = "<group>"; };
		6CA296771361F6E700EF6471 /* YXSwitchCell.m */ = {isa = PBXFileReference; fileEncoding = 4; lastKnownFileType = sourcecode.c.objc; path = YXSwitchCell.m; sourceTree = "<group>"; };
/* End PBXFileReference section */

/* Begin PBXFrameworksBuildPhase section */
		6CA296111361F69500EF6471 /* Frameworks */ = {
			isa = PBXFrameworksBuildPhase;
			buildActionMask = 2147483647;
			files = (
				6CA296181361F69500EF6471 /* Foundation.framework in Frameworks */,
			);
			runOnlyForDeploymentPostprocessing = 0;
		};
/* End PBXFrameworksBuildPhase section */

/* Begin PBXGroup section */
		6CA296091361F69500EF6471 = {
			isa = PBXGroup;
			children = (
				6CA296191361F69500EF6471 /* YXModelTableView */,
				6CA296161361F69500EF6471 /* Frameworks */,
				6CA296151361F69500EF6471 /* Products */,
			);
			sourceTree = "<group>";
		};
		6CA296151361F69500EF6471 /* Products */ = {
			isa = PBXGroup;
			children = (
				6CA296141361F69500EF6471 /* libYXModelTableView.a */,
			);
			name = Products;
			sourceTree = "<group>";
		};
		6CA296161361F69500EF6471 /* Frameworks */ = {
			isa = PBXGroup;
			children = (
				6CA296171361F69500EF6471 /* Foundation.framework */,
			);
			name = Frameworks;
			sourceTree = "<group>";
		};
		6CA296191361F69500EF6471 /* YXModelTableView */ = {
			isa = PBXGroup;
			children = (
				6CA296531361F6E700EF6471 /* YXAbstractCell.h */,
				6CA296541361F6E700EF6471 /* YXAbstractCell.m */,
				6CA296551361F6E700EF6471 /* YXButtonCell.h */,
				6CA296561361F6E700EF6471 /* YXButtonCell.m */,
				6CA296571361F6E700EF6471 /* YXCheckmarkCell.h */,
				6CA296581361F6E700EF6471 /* YXCheckmarkCell.m */,
				6CA296591361F6E700EF6471 /* YXCheckmarkCellGroup.h */,
				6CA2965A1361F6E700EF6471 /* YXCheckmarkCellGroup.m */,
				6CA2965B1361F6E700EF6471 /* YXCustomizableCell.h */,
				6CA2965C1361F6E700EF6471 /* YXCustomizableCell.m */,
				6CA2965D1361F6E700EF6471 /* YXDisclosureCell.h */,
				6CA2965E1361F6E700EF6471 /* YXDisclosureCell.m */,
				6CA2965F1361F6E700EF6471 /* YXEditableCell.h */,
				6CA296601361F6E700EF6471 /* YXEditableCell.m */,
				6CA296611361F6E700EF6471 /* YXEditableViewCell.h */,
				6CA296621361F6E700EF6471 /* YXEditableViewCell.m */,
				6CA296631361F6E700EF6471 /* YXKVCCheckmarkCell.h */,
				6CA296641361F6E700EF6471 /* YXKVCCheckmarkCell.m */,
				6CA296651361F6E700EF6471 /* YXKVCSwitchCell.h */,
				6CA296661361F6E700EF6471 /* YXKVCSwitchCell.m */,
				6CA296671361F6E700EF6471 /* YXKVCValueCell.h */,
				6CA296681361F6E700EF6471 /* YXKVCValueCell.m */,
				6CA296691361F6E700EF6471 /* YXModelTableView.h */,
				6CA2966A1361F6E700EF6471 /* YXModelTableViewController.h */,
				6CA2966B1361F6E700EF6471 /* YXModelTableViewController.m */,
				6CA2966C1361F6E700EF6471 /* YXSection.h */,
				6CA2966D1361F6E700EF6471 /* YXSection.m */,
				6CA2966E1361F6E700EF6471 /* YXSegmentedControlCell.h */,
				6CA2966F1361F6E700EF6471 /* YXSegmentedControlCell.m */,
				6CA296701361F6E700EF6471 /* YXSegmentedControlViewCell.h */,
				6CA296711361F6E700EF6471 /* YXSegmentedControlViewCell.m */,
				6CA296721361F6E700EF6471 /* YXStaticLabelCell.h */,
				6CA296731361F6E700EF6471 /* YXStaticLabelCell.m */,
				6CA296741361F6E700EF6471 /* YXStaticValueCell.h */,
				6CA296751361F6E700EF6471 /* YXStaticValueCell.m */,
				6CA296761361F6E700EF6471 /* YXSwitchCell.h */,
				6CA296771361F6E700EF6471 /* YXSwitchCell.m */,
				6CA2961A1361F69500EF6471 /* Supporting Files */,
			);
			path = YXModelTableView;
			sourceTree = "<group>";
		};
		6CA2961A1361F69500EF6471 /* Supporting Files */ = {
			isa = PBXGroup;
			children = (
				6CA2961B1361F69500EF6471 /* YXModelTableView-Prefix.pch */,
			);
			name = "Supporting Files";
			sourceTree = "<group>";
		};
/* End PBXGroup section */

/* Begin PBXHeadersBuildPhase section */
		6CA296121361F69500EF6471 /* Headers */ = {
			isa = PBXHeadersBuildPhase;
			buildActionMask = 2147483647;
			files = (
				6CA296781361F6E700EF6471 /* YXAbstractCell.h in Headers */,
				6CA2967A1361F6E700EF6471 /* YXButtonCell.h in Headers */,
				6CA2967C1361F6E700EF6471 /* YXCheckmarkCell.h in Headers */,
				6CA2967E1361F6E700EF6471 /* YXCheckmarkCellGroup.h in Headers */,
				6CA296801361F6E700EF6471 /* YXCustomizableCell.h in Headers */,
				6CA296821361F6E700EF6471 /* YXDisclosureCell.h in Headers */,
				6CA296841361F6E700EF6471 /* YXEditableCell.h in Headers */,
				6CA296861361F6E700EF6471 /* YXEditableViewCell.h in Headers */,
				6CA296881361F6E700EF6471 /* YXKVCCheckmarkCell.h in Headers */,
				6CA2968A1361F6E700EF6471 /* YXKVCSwitchCell.h in Headers */,
				6CA2968C1361F6E700EF6471 /* YXKVCValueCell.h in Headers */,
				6CA2968E1361F6E700EF6471 /* YXModelTableView.h in Headers */,
				6CA2968F1361F6E700EF6471 /* YXModelTableViewController.h in Headers */,
				6CA296911361F6E700EF6471 /* YXSection.h in Headers */,
				6CA296931361F6E700EF6471 /* YXSegmentedControlCell.h in Headers */,
				6CA296951361F6E700EF6471 /* YXSegmentedControlViewCell.h in Headers */,
				6CA296971361F6E700EF6471 /* YXStaticLabelCell.h in Headers */,
				6CA296991361F6E700EF6471 /* YXStaticValueCell.h in Headers */,
				6CA2969B1361F6E700EF6471 /* YXSwitchCell.h in Headers */,
			);
			runOnlyForDeploymentPostprocessing = 0;
		};
/* End PBXHeadersBuildPhase section */

/* Begin PBXNativeTarget section */
		6CA296131361F69500EF6471 /* YXModelTableView */ = {
			isa = PBXNativeTarget;
			buildConfigurationList = 6CA2961E1361F69500EF6471 /* Build configuration list for PBXNativeTarget "YXModelTableView" */;
			buildPhases = (
				6CA296101361F69500EF6471 /* Sources */,
				6CA296111361F69500EF6471 /* Frameworks */,
				6CA296121361F69500EF6471 /* Headers */,
			);
			buildRules = (
			);
			dependencies = (
			);
			name = YXModelTableView;
			productName = YXModelTableView;
			productReference = 6CA296141361F69500EF6471 /* libYXModelTableView.a */;
			productType = "com.apple.product-type.library.static";
		};
/* End PBXNativeTarget section */

/* Begin PBXProject section */
		6CA2960B1361F69500EF6471 /* Project object */ = {
			isa = PBXProject;
			attributes = {
				LastUpgradeCheck = 0410;
				ORGANIZATIONNAME = "Dizzy Technology";
			};
			buildConfigurationList = 6CA2960E1361F69500EF6471 /* Build configuration list for PBXProject "YXModelTableView" */;
			compatibilityVersion = "Xcode 3.2";
			developmentRegion = English;
			hasScannedForEncodings = 0;
			knownRegions = (
				en,
			);
			mainGroup = 6CA296091361F69500EF6471;
			productRefGroup = 6CA296151361F69500EF6471 /* Products */;
			projectDirPath = "";
			projectRoot = "";
			targets = (
				6CA296131361F69500EF6471 /* YXModelTableView */,
			);
		};
/* End PBXProject section */

/* Begin PBXSourcesBuildPhase section */
		6CA296101361F69500EF6471 /* Sources */ = {
			isa = PBXSourcesBuildPhase;
			buildActionMask = 2147483647;
			files = (
				6CA296791361F6E700EF6471 /* YXAbstractCell.m in Sources */,
				6CA2967B1361F6E700EF6471 /* YXButtonCell.m in Sources */,
				6CA2967D1361F6E700EF6471 /* YXCheckmarkCell.m in Sources */,
				6CA2967F1361F6E700EF6471 /* YXCheckmarkCellGroup.m in Sources */,
				6CA296811361F6E700EF6471 /* YXCustomizableCell.m in Sources */,
				6CA296831361F6E700EF6471 /* YXDisclosureCell.m in Sources */,
				6CA296851361F6E700EF6471 /* YXEditableCell.m in Sources */,
				6CA296871361F6E700EF6471 /* YXEditableViewCell.m in Sources */,
				6CA296891361F6E700EF6471 /* YXKVCCheckmarkCell.m in Sources */,
				6CA2968B1361F6E700EF6471 /* YXKVCSwitchCell.m in Sources */,
				6CA2968D1361F6E700EF6471 /* YXKVCValueCell.m in Sources */,
				6CA296901361F6E700EF6471 /* YXModelTableViewController.m in Sources */,
				6CA296921361F6E700EF6471 /* YXSection.m in Sources */,
				6CA296941361F6E700EF6471 /* YXSegmentedControlCell.m in Sources */,
				6CA296961361F6E700EF6471 /* YXSegmentedControlViewCell.m in Sources */,
				6CA296981361F6E700EF6471 /* YXStaticLabelCell.m in Sources */,
				6CA2969A1361F6E700EF6471 /* YXStaticValueCell.m in Sources */,
				6CA2969C1361F6E700EF6471 /* YXSwitchCell.m in Sources */,
			);
			runOnlyForDeploymentPostprocessing = 0;
		};
/* End PBXSourcesBuildPhase section */

/* Begin XCBuildConfiguration section */
		6CA2961C1361F69500EF6471 /* Debug */ = {
			isa = XCBuildConfiguration;
			buildSettings = {
				ARCHS = "$(ARCHS_STANDARD_32_BIT)";
				GCC_C_LANGUAGE_STANDARD = gnu99;
				GCC_OPTIMIZATION_LEVEL = 0;
				GCC_PREPROCESSOR_DEFINITIONS = "DEBUG=1";
				GCC_SYMBOLS_PRIVATE_EXTERN = NO;
				GCC_VERSION = com.apple.compilers.llvm.clang.1_0;
				GCC_WARN_ABOUT_MISSING_PROTOTYPES = YES;
				GCC_WARN_ABOUT_RETURN_TYPE = YES;
				GCC_WARN_UNUSED_VARIABLE = YES;
				IPHONEOS_DEPLOYMENT_TARGET = 4.0;
				RUN_CLANG_STATIC_ANALYZER = YES;
				SDKROOT = iphoneos;
			};
			name = Debug;
		};
		6CA2961D1361F69500EF6471 /* Release */ = {
			isa = XCBuildConfiguration;
			buildSettings = {
				ARCHS = "$(ARCHS_STANDARD_32_BIT)";
				GCC_C_LANGUAGE_STANDARD = gnu99;
				GCC_VERSION = com.apple.compilers.llvm.clang.1_0;
				GCC_WARN_ABOUT_MISSING_PROTOTYPES = YES;
				GCC_WARN_ABOUT_RETURN_TYPE = YES;
				GCC_WARN_UNUSED_VARIABLE = YES;
				IPHONEOS_DEPLOYMENT_TARGET = 4.0;
				RUN_CLANG_STATIC_ANALYZER = YES;
				SDKROOT = iphoneos;
			};
			name = Release;
		};
		6CA2961F1361F69500EF6471 /* Debug */ = {
			isa = XCBuildConfiguration;
			buildSettings = {
				ALWAYS_SEARCH_USER_PATHS = NO;
				DSTROOT = /tmp/YXModelTableView.dst;
				GCC_PRECOMPILE_PREFIX_HEADER = YES;
				GCC_PREFIX_HEADER = "YXModelTableView/YXModelTableView-Prefix.pch";
				OTHER_LDFLAGS = "-ObjC";
				PRODUCT_NAME = "$(TARGET_NAME)";
				RUN_CLANG_STATIC_ANALYZER = YES;
			};
			name = Debug;
		};
		6CA296201361F69500EF6471 /* Release */ = {
			isa = XCBuildConfiguration;
			buildSettings = {
				ALWAYS_SEARCH_USER_PATHS = NO;
				DSTROOT = /tmp/YXModelTableView.dst;
				GCC_PRECOMPILE_PREFIX_HEADER = YES;
				GCC_PREFIX_HEADER = "YXModelTableView/YXModelTableView-Prefix.pch";
				OTHER_LDFLAGS = "-ObjC";
				PRODUCT_NAME = "$(TARGET_NAME)";
				RUN_CLANG_STATIC_ANALYZER = YES;
			};
			name = Release;
		};
/* End XCBuildConfiguration section */

/* Begin XCConfigurationList section */
		6CA2960E1361F69500EF6471 /* Build configuration list for PBXProject "YXModelTableView" */ = {
			isa = XCConfigurationList;
			buildConfigurations = (
				6CA2961C1361F69500EF6471 /* Debug */,
				6CA2961D1361F69500EF6471 /* Release */,
			);
			defaultConfigurationIsVisible = 0;
			defaultConfigurationName = Release;
		};
		6CA2961E1361F69500EF6471 /* Build configuration list for PBXNativeTarget "YXModelTableView" */ = {
			isa = XCConfigurationList;
			buildConfigurations = (
				6CA2961F1361F69500EF6471 /* Debug */,
				6CA296201361F69500EF6471 /* Release */,
			);
			defaultConfigurationIsVisible = 0;
			defaultConfigurationName = Release;
		};
/* End XCConfigurationList section */
	};
	rootObject = 6CA2960B1361F69500EF6471 /* Project object */;
}
